
Microsoft Visual Studio Solution File, Format Version 12.00
# Visual Studio Version 17
VisualStudioVersion = 17.8.34525.116
MinimumVisualStudioVersion = 10.0.40219.1
Project("{FAE04EC0-301F-11D3-BF4B-00C04F79EFBC}") = "Hangfire.Web", "Hangfire.Web\Hangfire.Web.csproj", "{DB9CBCD6-11DF-4B8B-B16A-D9CF93082ABF}"
EndProject
Global
	GlobalSection(SolutionConfigurationPlatforms) = preSolution
		Debug|Any CPU = Debug|Any CPU
		Release|Any CPU = Release|Any CPU
	EndGlobalSection
	GlobalSection(ProjectConfigurationPlatforms) = postSolution
		{DB9CBCD6-11DF-4B8B-B16A-D9CF93082ABF}.Debug|Any CPU.ActiveCfg = Debug|Any CPU
		{DB9CBCD6-11DF-4B8B-B16A-D9CF93082ABF}.Debug|Any CPU.Build.0 = Debug|Any CPU
		{DB9CBCD6-11DF-4B8B-B16A-D9CF93082ABF}.Release|Any CPU.ActiveCfg = Release|Any CPU
		{DB9CBCD6-11DF-4B8B-B16A-D9CF93082ABF}.Release|Any CPU.Build.0 = Release|Any CPU
	EndGlobalSection
	GlobalSection(SolutionProperties) = preSolution
		HideSolutionNode = FALSE
	EndGlobalSection
	GlobalSection(ExtensibilityGlobals) = postSolution
		SolutionGuid = {1461BB1E-BE48-40F7-AB13-7AF8E385CF19}
	EndGlobalSection
EndGlobal
